{
  "name": "waiting-game",
  "version": "0.4.0",
  "lockfileVersion": 3,
  "requires": true,
  "packages": {
    "": {
      "name": "waiting-game",
      "version": "0.4.0",
      "devDependencies": {
        "@tauri-apps/cli": "^2"
      }
    },
    "node_modules/@tauri-apps/cli": {
      "version": "2.10.1",
      "dev": true,
      "license": "Apache-2.0 OR MIT",
      "bin": {
        "tauri": "tauri.js"
      },
      "engines": {
        "node": ">= 10"
      },
      "funding": {
        "type": "opencollective",
        "url": "https://opencollective.com/tauri"
      },
      "optionalDependencies": {
        "@tauri-apps/cli-darwin-arm64": "2.10.1",
        "@tauri-apps/cli-darwin-x64": "2.10.1",
        "@tauri-apps/cli-linux-arm-gnueabihf": "2.10.1",
        "@tauri-apps/cli-linux-arm64-gnu": "2.10.1",
        "@tauri-apps/cli-linux-arm64-musl": "2.10.1",
        "@tauri-apps/cli-linux-riscv64-gnu": "2.10.1",
        "@tauri-apps/cli-linux-x64-gnu": "2.10.1",
        "@tauri-apps/cli-linux-x64-musl": "2.10.1",
        "@tauri-apps/cli-win32-arm64-msvc": "2.10.1",
        "@tauri-apps/cli-win32-ia32-msvc": "2.10.1",
        "@tauri-apps/cli-win32-x64-msvc": "2.10.1"
      }
    },
    "node_modules/@tauri-apps/cli-linux-x64-gnu": {
      "version": "2.10.1",
      "cpu": [
        "x64"
      ],
      "dev": true,
      "libc": [
        "glibc"
      ],
      "license": "Apache-2.0 OR MIT",
      "optional": true,
      "os": [
        "linux"
      ],
      "engines": {
        "node": ">= 10"
      }
    },
    "node_modules/@tauri-apps/cli/node_modules/@tauri-apps/cli-darwin-arm64": {
      "dev": true,
      "optional": true
    },
    "node_modules/@tauri-apps/cli/node_modules/@tauri-apps/cli-darwin-x64": {
      "dev": true,
      "optional": true
    },
    "node_modules/@tauri-apps/cli/node_modules/@tauri-apps/cli-linux-arm-gnueabihf": {
      "dev": true,
      "optional": true
    },
    "node_modules/@tauri-apps/cli/node_modules/@tauri-apps/cli-linux-arm64-gnu": {
      "dev": true,
      "optional": true
    },
    "node_modules/@tauri-apps/cli/node_modules/@tauri-apps/cli-linux-arm64-musl": {
      "dev": true,
      "optional": true
    },
    "node_modules/@tauri-apps/cli/node_modules/@tauri-apps/cli-linux-riscv64-gnu": {
      "dev": true,
      "optional": true
    },
    "node_modules/@tauri-apps/cli/node_modules/@tauri-apps/cli-linux-x64-musl": {
      "dev": true,
      "optional": true
    },
    "node_modules/@tauri-apps/cli/node_modules/@tauri-apps/cli-win32-arm64-msvc": {
      "dev": true,
      "optional": true
    },
    "node_modules/@tauri-apps/cli/node_modules/@tauri-apps/cli-win32-ia32-msvc": {
      "dev": true,
      "optional": true
    },
    "node_modules/@tauri-apps/cli/node_modules/@tauri-apps/cli-win32-x64-msvc": {
      "dev": true,
      "optional": true
    }
  }
}
